
Microsoft Visual Studio Solution File, Format Version 11.00
# Visual Studio 2010
Project("{FAE04EC0-301F-11D3-BF4B-00C04F79EFBC}") = "UnityZelda", "Assembly-CSharp.csproj", "{2BF6E850-DAA6-8B75-182D-B28BA6A53326}"
EndProject
Project("{FAE04EC0-301F-11D3-BF4B-00C04F79EFBC}") = "UnityZelda", "Assembly-CSharp-Editor.csproj", "{3A2AF712-DEA9-5C0B-89C0-85EAA8D0115E}"
EndProject
Global
	GlobalSection(SolutionConfigurationPlatforms) = preSolution
		Debug|Any CPU = Debug|Any CPU
		Release|Any CPU = Release|Any CPU
	EndGlobalSection
	GlobalSection(ProjectConfigurationPlatforms) = postSolution
		{2BF6E850-DAA6-8B75-182D-B28BA6A53326}.Debug|Any CPU.ActiveCfg = Debug|Any CPU
		{2BF6E850-DAA6-8B75-182D-B28BA6A53326}.Debug|Any CPU.Build.0 = Debug|Any CPU
		{2BF6E850-DAA6-8B75-182D-B28BA6A53326}.Release|Any CPU.ActiveCfg = Release|Any CPU
		{2BF6E850-DAA6-8B75-182D-B28BA6A53326}.Release|Any CPU.Build.0 = Release|Any CPU
		{3A2AF712-DEA9-5C0B-89C0-85EAA8D0115E}.Debug|Any CPU.ActiveCfg = Debug|Any CPU
		{3A2AF712-DEA9-5C0B-89C0-85EAA8D0115E}.Debug|Any CPU.Build.0 = Debug|Any CPU
		{3A2AF712-DEA9-5C0B-89C0-85EAA8D0115E}.Release|Any CPU.ActiveCfg = Release|Any CPU
		{3A2AF712-DEA9-5C0B-89C0-85EAA8D0115E}.Release|Any CPU.Build.0 = Release|Any CPU
	EndGlobalSection
	GlobalSection(SolutionProperties) = preSolution
		HideSolutionNode = FALSE
	EndGlobalSection
	GlobalSection(MonoDevelopProperties) = preSolution
		StartupItem = Assembly-CSharp.csproj
	EndGlobalSection
EndGlobal
